<Solution>
  <Folder Name="/src/">
    <Project Path="src/HotSonos.App/HotSonos.App.csproj" />
    <Project Path="src/HotSonos.Core/HotSonos.Core.csproj" />
    <Project Path="src/HotSonos.Harness/HotSonos.Harness.csproj" />
  </Folder>
  <Folder Name="/tests/">
    <Project Path="tests/HotSonos.Core.Tests/HotSonos.Core.Tests.csproj" />
  </Folder>
</Solution>
